
Microsoft Visual Studio Solution File, Format Version 12.00
# Visual Studio Version 16
VisualStudioVersion = 16.0.32510.428
MinimumVisualStudioVersion = 10.0.40219.1
Project("{FAE04EC0-301F-11D3-BF4B-00C04F79EFBC}") = "XSLXTransformer", "XSLXTransformer\XSLXTransformer.csproj", "{D2605035-2E9E-494C-8349-13E336D8159B}"
EndProject
Global
	GlobalSection(SolutionConfigurationPlatforms) = preSolution
		Debug|Any CPU = Debug|Any CPU
		Release|Any CPU = Release|Any CPU
	EndGlobalSection
	GlobalSection(ProjectConfigurationPlatforms) = postSolution
		{D2605035-2E9E-494C-8349-13E336D8159B}.Debug|Any CPU.ActiveCfg = Debug|Any CPU
		{D2605035-2E9E-494C-8349-13E336D8159B}.Debug|Any CPU.Build.0 = Debug|Any CPU
		{D2605035-2E9E-494C-8349-13E336D8159B}.Release|Any CPU.ActiveCfg = Release|Any CPU
		{D2605035-2E9E-494C-8349-13E336D8159B}.Release|Any CPU.Build.0 = Release|Any CPU
	EndGlobalSection
	GlobalSection(SolutionProperties) = preSolution
		HideSolutionNode = FALSE
	EndGlobalSection
	GlobalSection(ExtensibilityGlobals) = postSolution
		SolutionGuid = {902FDFBB-1D89-4231-ABC4-C6A6C7FFC63E}
	EndGlobalSection
EndGlobal
